
Microsoft Visual Studio Solution File, Format Version 12.00
# Visual Studio 15
VisualStudioVersion = 15.0.26606.0
MinimumVisualStudioVersion = 10.0.40219.1
Project("{FAE04EC0-301F-11D3-BF4B-00C04F79EFBC}") = "ImageWorld.Core", "ImageWorld.Core\ImageWorld.Core.csproj", "{12A67933-1489-4CB4-A41D-CCE4CD251827}"
EndProject
Project("{FAE04EC0-301F-11D3-BF4B-00C04F79EFBC}") = "ImageWorld.Tests", "ImageWorld.Tests\ImageWorld.Tests.csproj", "{D52FFA9E-51F3-4D05-A6C1-D9EB485EBF82}"
EndProject
Project("{9A19103F-16F7-4668-BE54-9A1E7A4F7556}") = "ImageWorld.Functions", "ImageWorld.Functions\ImageWorld.Functions.csproj", "{73F92E7E-C9A1-4869-AFCC-3968ACA85696}"
EndProject
Project("{FAE04EC0-301F-11D3-BF4B-00C04F79EFBC}") = "ImageWorld.ApiApp", "ImageWorld.ApiApp\ImageWorld.ApiApp.csproj", "{CF33C76F-64B0-4551-8569-7287A00D6701}"
EndProject
Project("{9A19103F-16F7-4668-BE54-9A1E7A4F7556}") = "ImageWorld.WebApp", "ImageWorld.WebApp\ImageWorld.WebApp.csproj", "{ED3CF1CA-7325-4CF1-9ACD-E58077189176}"
EndProject
Project("{FAE04EC0-301F-11D3-BF4B-00C04F79EFBC}") = "ImageWorld.ConsoleDriver", "ImageWorld.ConsoleDriver\ImageWorld.ConsoleDriver.csproj", "{C166B5F2-90B6-41C4-899D-CCB30E632758}"
EndProject
Global
	GlobalSection(SolutionConfigurationPlatforms) = preSolution
		Debug|Any CPU = Debug|Any CPU
		Release|Any CPU = Release|Any CPU
	EndGlobalSection
	GlobalSection(ProjectConfigurationPlatforms) = postSolution
		{12A67933-1489-4CB4-A41D-CCE4CD251827}.Debug|Any CPU.ActiveCfg = Debug|Any CPU
		{12A67933-1489-4CB4-A41D-CCE4CD251827}.Debug|Any CPU.Build.0 = Debug|Any CPU
		{12A67933-1489-4CB4-A41D-CCE4CD251827}.Release|Any CPU.ActiveCfg = Release|Any CPU
		{12A67933-1489-4CB4-A41D-CCE4CD251827}.Release|Any CPU.Build.0 = Release|Any CPU
		{D52FFA9E-51F3-4D05-A6C1-D9EB485EBF82}.Debug|Any CPU.ActiveCfg = Debug|Any CPU
		{D52FFA9E-51F3-4D05-A6C1-D9EB485EBF82}.Debug|Any CPU.Build.0 = Debug|Any CPU
		{D52FFA9E-51F3-4D05-A6C1-D9EB485EBF82}.Release|Any CPU.ActiveCfg = Release|Any CPU
		{D52FFA9E-51F3-4D05-A6C1-D9EB485EBF82}.Release|Any CPU.Build.0 = Release|Any CPU
		{73F92E7E-C9A1-4869-AFCC-3968ACA85696}.Debug|Any CPU.ActiveCfg = Debug|Any CPU
		{73F92E7E-C9A1-4869-AFCC-3968ACA85696}.Debug|Any CPU.Build.0 = Debug|Any CPU
		{73F92E7E-C9A1-4869-AFCC-3968ACA85696}.Release|Any CPU.ActiveCfg = Release|Any CPU
		{73F92E7E-C9A1-4869-AFCC-3968ACA85696}.Release|Any CPU.Build.0 = Release|Any CPU
		{CF33C76F-64B0-4551-8569-7287A00D6701}.Debug|Any CPU.ActiveCfg = Debug|Any CPU
		{CF33C76F-64B0-4551-8569-7287A00D6701}.Debug|Any CPU.Build.0 = Debug|Any CPU
		{CF33C76F-64B0-4551-8569-7287A00D6701}.Release|Any CPU.ActiveCfg = Release|Any CPU
		{CF33C76F-64B0-4551-8569-7287A00D6701}.Release|Any CPU.Build.0 = Release|Any CPU
		{ED3CF1CA-7325-4CF1-9ACD-E58077189176}.Debug|Any CPU.ActiveCfg = Debug|Any CPU
		{ED3CF1CA-7325-4CF1-9ACD-E58077189176}.Debug|Any CPU.Build.0 = Debug|Any CPU
		{ED3CF1CA-7325-4CF1-9ACD-E58077189176}.Release|Any CPU.ActiveCfg = Release|Any CPU
		{ED3CF1CA-7325-4CF1-9ACD-E58077189176}.Release|Any CPU.Build.0 = Release|Any CPU
		{C166B5F2-90B6-41C4-899D-CCB30E632758}.Debug|Any CPU.ActiveCfg = Debug|Any CPU
		{C166B5F2-90B6-41C4-899D-CCB30E632758}.Debug|Any CPU.Build.0 = Debug|Any CPU
		{C166B5F2-90B6-41C4-899D-CCB30E632758}.Release|Any CPU.ActiveCfg = Release|Any CPU
		{C166B5F2-90B6-41C4-899D-CCB30E632758}.Release|Any CPU.Build.0 = Release|Any CPU
	EndGlobalSection
	GlobalSection(SolutionProperties) = preSolution
		HideSolutionNode = FALSE
	EndGlobalSection
EndGlobal
